
Microsoft Visual Studio Solution File, Format Version 12.00
# Visual Studio Version 16
VisualStudioVersion = 16.0.30523.141
MinimumVisualStudioVersion = 10.0.40219.1
Project("{FAE04EC0-301F-11D3-BF4B-00C04F79EFBC}") = "University", "University.csproj", "{07CFD9FE-0CEC-481F-95B1-579BB87B4004}"
EndProject
Global
	GlobalSection(SolutionConfigurationPlatforms) = preSolution
		Debug|Any CPU = Debug|Any CPU
		Release|Any CPU = Release|Any CPU
	EndGlobalSection
	GlobalSection(ProjectConfigurationPlatforms) = postSolution
		{07CFD9FE-0CEC-481F-95B1-579BB87B4004}.Debug|Any CPU.ActiveCfg = Debug|Any CPU
		{07CFD9FE-0CEC-481F-95B1-579BB87B4004}.Debug|Any CPU.Build.0 = Debug|Any CPU
		{07CFD9FE-0CEC-481F-95B1-579BB87B4004}.Release|Any CPU.ActiveCfg = Release|Any CPU
		{07CFD9FE-0CEC-481F-95B1-579BB87B4004}.Release|Any CPU.Build.0 = Release|Any CPU
	EndGlobalSection
	GlobalSection(SolutionProperties) = preSolution
		HideSolutionNode = FALSE
	EndGlobalSection
	GlobalSection(ExtensibilityGlobals) = postSolution
		SolutionGuid = {2733E923-2248-453C-ABC1-59BA1CA2E755}
	EndGlobalSection
EndGlobal
