
Microsoft Visual Studio Solution File, Format Version 12.00
# Visual Studio Version 16
VisualStudioVersion = 16.0.30621.155
MinimumVisualStudioVersion = 10.0.40219.1
Project("{FAE04EC0-301F-11D3-BF4B-00C04F79EFBC}") = "ChallengeBlog", "ChallengeBlog.csproj", "{F902971D-BBAB-4A07-A216-4F2D5EC9A1DC}"
EndProject
Project("{FAE04EC0-301F-11D3-BF4B-00C04F79EFBC}") = "ChallengeBlog.Tests", "..\ChallengeBlog.Tests\ChallengeBlog.Tests.csproj", "{A2F98896-2803-4BD4-9EF2-424DAB828EF0}"
EndProject
Global
	GlobalSection(SolutionConfigurationPlatforms) = preSolution
		Debug|Any CPU = Debug|Any CPU
		Release|Any CPU = Release|Any CPU
	EndGlobalSection
	GlobalSection(ProjectConfigurationPlatforms) = postSolution
		{F902971D-BBAB-4A07-A216-4F2D5EC9A1DC}.Debug|Any CPU.ActiveCfg = Debug|Any CPU
		{F902971D-BBAB-4A07-A216-4F2D5EC9A1DC}.Debug|Any CPU.Build.0 = Debug|Any CPU
		{F902971D-BBAB-4A07-A216-4F2D5EC9A1DC}.Release|Any CPU.ActiveCfg = Release|Any CPU
		{F902971D-BBAB-4A07-A216-4F2D5EC9A1DC}.Release|Any CPU.Build.0 = Release|Any CPU
		{A2F98896-2803-4BD4-9EF2-424DAB828EF0}.Debug|Any CPU.ActiveCfg = Debug|Any CPU
		{A2F98896-2803-4BD4-9EF2-424DAB828EF0}.Debug|Any CPU.Build.0 = Debug|Any CPU
		{A2F98896-2803-4BD4-9EF2-424DAB828EF0}.Release|Any CPU.ActiveCfg = Release|Any CPU
		{A2F98896-2803-4BD4-9EF2-424DAB828EF0}.Release|Any CPU.Build.0 = Release|Any CPU
	EndGlobalSection
	GlobalSection(SolutionProperties) = preSolution
		HideSolutionNode = FALSE
	EndGlobalSection
	GlobalSection(ExtensibilityGlobals) = postSolution
		SolutionGuid = {833D7EC2-EF82-4699-873A-B2CDBD6F0D8C}
	EndGlobalSection
EndGlobal
